
Microsoft Visual Studio Solution File, Format Version 12.00
# Visual Studio 14
VisualStudioVersion = 14.0.24720.0
MinimumVisualStudioVersion = 10.0.40219.1
Project("{FAE04EC0-301F-11D3-BF4B-00C04F79EFBC}") = "Modelo", "ClassLibrary1\Modelo.csproj", "{EA4646DC-6398-4D2E-95BD-C782F521822F}"
EndProject
Project("{FAE04EC0-301F-11D3-BF4B-00C04F79EFBC}") = "Test", "Test\Test.csproj", "{3B758278-96EB-43DA-805E-B0A2A4274E48}"
EndProject
Global
	GlobalSection(SolutionConfigurationPlatforms) = preSolution
		Debug|Any CPU = Debug|Any CPU
		Release|Any CPU = Release|Any CPU
	EndGlobalSection
	GlobalSection(ProjectConfigurationPlatforms) = postSolution
		{EA4646DC-6398-4D2E-95BD-C782F521822F}.Debug|Any CPU.ActiveCfg = Debug|Any CPU
		{EA4646DC-6398-4D2E-95BD-C782F521822F}.Debug|Any CPU.Build.0 = Debug|Any CPU
		{EA4646DC-6398-4D2E-95BD-C782F521822F}.Release|Any CPU.ActiveCfg = Release|Any CPU
		{EA4646DC-6398-4D2E-95BD-C782F521822F}.Release|Any CPU.Build.0 = Release|Any CPU
		{3B758278-96EB-43DA-805E-B0A2A4274E48}.Debug|Any CPU.ActiveCfg = Debug|Any CPU
		{3B758278-96EB-43DA-805E-B0A2A4274E48}.Debug|Any CPU.Build.0 = Debug|Any CPU
		{3B758278-96EB-43DA-805E-B0A2A4274E48}.Release|Any CPU.ActiveCfg = Release|Any CPU
		{3B758278-96EB-43DA-805E-B0A2A4274E48}.Release|Any CPU.Build.0 = Release|Any CPU
	EndGlobalSection
	GlobalSection(SolutionProperties) = preSolution
		HideSolutionNode = FALSE
	EndGlobalSection
EndGlobal
