
Microsoft Visual Studio Solution File, Format Version 12.00
# Visual Studio 2013
VisualStudioVersion = 12.0.30723.0
MinimumVisualStudioVersion = 10.0.40219.1
Project("{FAE04EC0-301F-11D3-BF4B-00C04F79EFBC}") = "GestionSociedad", "GestionSociedad\GestionSociedad.csproj", "{D06C6C78-81EB-4AA8-A1AE-5FED4F8D5E8F}"
EndProject
Global
	GlobalSection(SolutionConfigurationPlatforms) = preSolution
		Debug|Any CPU = Debug|Any CPU
		Release|Any CPU = Release|Any CPU
	EndGlobalSection
	GlobalSection(ProjectConfigurationPlatforms) = postSolution
		{D06C6C78-81EB-4AA8-A1AE-5FED4F8D5E8F}.Debug|Any CPU.ActiveCfg = Debug|Any CPU
		{D06C6C78-81EB-4AA8-A1AE-5FED4F8D5E8F}.Debug|Any CPU.Build.0 = Debug|Any CPU
		{D06C6C78-81EB-4AA8-A1AE-5FED4F8D5E8F}.Release|Any CPU.ActiveCfg = Release|Any CPU
		{D06C6C78-81EB-4AA8-A1AE-5FED4F8D5E8F}.Release|Any CPU.Build.0 = Release|Any CPU
	EndGlobalSection
	GlobalSection(SolutionProperties) = preSolution
		HideSolutionNode = FALSE
	EndGlobalSection
EndGlobal
